
Microsoft Visual Studio Solution File, Format Version 12.00
# Visual Studio 14
VisualStudioVersion = 14.0.25420.1
MinimumVisualStudioVersion = 10.0.40219.1
Project("{FAE04EC0-301F-11D3-BF4B-00C04F79EFBC}") = "POP", "POP\POP.csproj", "{FE217F0D-6A54-4D38-832E-8EF63C6691A0}"
EndProject
Project("{FAE04EC0-301F-11D3-BF4B-00C04F79EFBC}") = "POP-SF-60-2016GUI", "POP-SF-60-2016GUI\POP-SF-60-2016GUI.csproj", "{EB3063A6-7C90-49EC-BC78-C44338A3D504}"
EndProject
Global
	GlobalSection(SolutionConfigurationPlatforms) = preSolution
		Debug|Any CPU = Debug|Any CPU
		Release|Any CPU = Release|Any CPU
	EndGlobalSection
	GlobalSection(ProjectConfigurationPlatforms) = postSolution
		{FE217F0D-6A54-4D38-832E-8EF63C6691A0}.Debug|Any CPU.ActiveCfg = Debug|Any CPU
		{FE217F0D-6A54-4D38-832E-8EF63C6691A0}.Debug|Any CPU.Build.0 = Debug|Any CPU
		{FE217F0D-6A54-4D38-832E-8EF63C6691A0}.Release|Any CPU.ActiveCfg = Release|Any CPU
		{FE217F0D-6A54-4D38-832E-8EF63C6691A0}.Release|Any CPU.Build.0 = Release|Any CPU
		{EB3063A6-7C90-49EC-BC78-C44338A3D504}.Debug|Any CPU.ActiveCfg = Debug|Any CPU
		{EB3063A6-7C90-49EC-BC78-C44338A3D504}.Debug|Any CPU.Build.0 = Debug|Any CPU
		{EB3063A6-7C90-49EC-BC78-C44338A3D504}.Release|Any CPU.ActiveCfg = Release|Any CPU
		{EB3063A6-7C90-49EC-BC78-C44338A3D504}.Release|Any CPU.Build.0 = Release|Any CPU
	EndGlobalSection
	GlobalSection(SolutionProperties) = preSolution
		HideSolutionNode = FALSE
	EndGlobalSection
EndGlobal
